hash: ad2162522bf1fe3a2776d6cdaa2bd8318edefd8bab7613e46ccf339f4a77a007
updated: 2017-01-27T12:59:50.641069261-05:00
imports:
- name: github.com/0xAX/notificator
  version: 82e921414e037b057d5f9c5c8b9a8313dfa584de
- name: github.com/bitly/go-simplejson
  version: aabad6e819789e569bd6aabf444c935aa9ba1e44
- name: github.com/justincampbell/anybar
  version: eb818cda69b429f128bc76d2eec524f2affd9449
- name: github.com/namsral/flag
  version: e6432831f90663e9fb69ca75eca1c86f8f37f729
  repo: https://github.com/namsral/flag
  vcs: git
testImports: []
